
Microsoft Visual Studio Solution File, Format Version 12.00
# Visual Studio Version 16
VisualStudioVersion = 16.0.31729.503
MinimumVisualStudioVersion = 10.0.40219.1
Project("{FAE04EC0-301F-11D3-BF4B-00C04F79EFBC}") = "Two_Stack_Sort_Array", "Two_Stack_Sort_Array\Two_Stack_Sort_Array.csproj", "{A7DD5FFC-9373-473F-9DCA-0F0F3E97ECB3}"
EndProject
Global
	GlobalSection(SolutionConfigurationPlatforms) = preSolution
		Debug|Any CPU = Debug|Any CPU
		Release|Any CPU = Release|Any CPU
	EndGlobalSection
	GlobalSection(ProjectConfigurationPlatforms) = postSolution
		{A7DD5FFC-9373-473F-9DCA-0F0F3E97ECB3}.Debug|Any CPU.ActiveCfg = Debug|Any CPU
		{A7DD5FFC-9373-473F-9DCA-0F0F3E97ECB3}.Debug|Any CPU.Build.0 = Debug|Any CPU
		{A7DD5FFC-9373-473F-9DCA-0F0F3E97ECB3}.Release|Any CPU.ActiveCfg = Release|Any CPU
		{A7DD5FFC-9373-473F-9DCA-0F0F3E97ECB3}.Release|Any CPU.Build.0 = Release|Any CPU
	EndGlobalSection
	GlobalSection(SolutionProperties) = preSolution
		HideSolutionNode = FALSE
	EndGlobalSection
	GlobalSection(ExtensibilityGlobals) = postSolution
		SolutionGuid = {E0419F82-BB6F-4581-AAE6-076E319B7F1E}
	EndGlobalSection
EndGlobal
